{
  "requires": true,
  "lockfileVersion": 1,
  "dependencies": {
    "animate.css": {
      "version": "3.7.2",
      "resolved": "https://registry.npmjs.org/animate.css/-/animate.css-3.7.2.tgz",
      "integrity": "sha512-0bE8zYo7C0KvgOYrSVfrzkbYk6IOTVPNqkiHg2cbyF4Pq/PXzilz4BRWA3hwEUBoMp5VBgrC29lQIZyhRWdBTw=="
    },
    "sweetalert2": {
      "version": "8.18.3",
      "resolved": "https://registry.npmjs.org/sweetalert2/-/sweetalert2-8.18.3.tgz",
      "integrity": "sha512-ptDszEk0q8pUorWAXiVj1aafbG6IAO8kAZepeyfphSwb4vaM5JSXnqek/s8ZyIkPcH9M/l3QaoR2X9V0KD0VHA=="
    }
  }
}
